<?xml version="1.0" encoding="utf-8"?>
<Project ToolsVersion="4.0" xmlns="http://schemas.microsoft.com/developer/msbuild/2003">
  <ItemGroup>
    <Filter Include="Source Files">
      <UniqueIdentifier>{4FC737F1-C7A5-4376-A066-2A32D752A2FF}</UniqueIdentifier>
      <Extensions>cpp;c;cc;cxx;def;odl;idl;hpj;bat;asm;asmx</Extensions>
    </Filter>
    <Filter Include="Header Files">
      <UniqueIdentifier>{93995380-89BD-4b04-88EB-625FBE52EBFB}</UniqueIdentifier>
      <Extensions>h;hh;hpp;hxx;hm;inl;inc;xsd</Extensions>
    </Filter>
    <Filter Include="Resource Files">
      <UniqueIdentifier>{67DA6AB6-F800-4c08-8B7A-83BB121AAD01}</UniqueIdentifier>
      <Extensions>rc;ico;cur;bmp;dlg;rc2;rct;bin;rgs;gif;jpg;jpeg;jpe;resx;tiff;tif;png;wav;mfcribbon-ms</Extensions>
    </Filter>
    <Filter Include="Header Files\GameModes">
      <UniqueIdentifier>{509631fd-1bca-4ebb-bbd8-707c85285055}</UniqueIdentifier>
    </Filter>
    <Filter Include="Source Files\GameModes">
      <UniqueIdentifier>{b8bd39b9-e49c-4ab5-825f-e4f83e9ccb4a}</UniqueIdentifier>
    </Filter>
  </ItemGroup>
  <ItemGroup>
    <None Include="ArtefatoAirsoft.ino" />
  </ItemGroup>
  <ItemGroup>
    <ClInclude Include="__vm\.ArtefatoAirsoft.vsarduino.h">
      <Filter>Header Files</Filter>
    </ClInclude>
    <ClInclude Include="DisplayLcd.h">
      <Filter>Header Files</Filter>
    </ClInclude>
    <ClInclude Include="DisplayLcdKeypad.h">
      <Filter>Header Files</Filter>
    </ClInclude>
    <ClInclude Include="DisplayChronometer.h">
      <Filter>Header Files</Filter>
    </ClInclude>
    <ClInclude Include="CountUpDownTimer.h">
      <Filter>Header Files</Filter>
    </ClInclude>
    <ClInclude Include="CountDown.h">
      <Filter>Header Files</Filter>
    </ClInclude>
    <ClInclude Include="MembraneKeypad.h">
      <Filter>Header Files</Filter>
    </ClInclude>
    <ClInclude Include="AirsoftGame.h">
      <Filter>Header Files</Filter>
    </ClInclude>
    <ClInclude Include="SearchAndDestroy.h">
      <Filter>Header Files\GameModes</Filter>
    </ClInclude>
    <ClInclude Include="MainMenu.h">
      <Filter>Header Files</Filter>
    </ClInclude>
    <ClInclude Include="Domination.h">
      <Filter>Header Files\GameModes</Filter>
    </ClInclude>
    <ClInclude Include="Sabotage.h">
      <Filter>Header Files\GameModes</Filter>
    </ClInclude>
    <ClInclude Include="ArmDisarmKeypad.h">
      <Filter>Header Files</Filter>
    </ClInclude>
  </ItemGroup>
  <ItemGroup>
    <ClCompile Include="DisplayLcd.cpp">
      <Filter>Source Files</Filter>
    </ClCompile>
    <ClCompile Include="DisplayLcdKeypad.cpp">
      <Filter>Source Files</Filter>
    </ClCompile>
    <ClCompile Include="DisplayChronometer.cpp">
      <Filter>Source Files</Filter>
    </ClCompile>
    <ClCompile Include="CountUpDownTimer.cpp">
      <Filter>Source Files</Filter>
    </ClCompile>
    <ClCompile Include="CountDown.cpp">
      <Filter>Source Files</Filter>
    </ClCompile>
    <ClCompile Include="MembraneKeypad.cpp">
      <Filter>Source Files</Filter>
    </ClCompile>
    <ClCompile Include="AirsoftGame.cpp">
      <Filter>Source Files</Filter>
    </ClCompile>
    <ClCompile Include="SearchAndDestroy.cpp">
      <Filter>Source Files\GameModes</Filter>
    </ClCompile>
    <ClCompile Include="MainMenu.cpp">
      <Filter>Source Files</Filter>
    </ClCompile>
    <ClCompile Include="Sabotage.cpp">
      <Filter>Source Files\GameModes</Filter>
    </ClCompile>
    <ClCompile Include="Domination.cpp">
      <Filter>Source Files\GameModes</Filter>
    </ClCompile>
    <ClCompile Include="ArmDisarmKeypad.cpp">
      <Filter>Source Files</Filter>
    </ClCompile>
  </ItemGroup>
</Project>